<Project xmlns="http://schemas.microsoft.com/developer/msbuild/2003">
    <PropertyGroup>
        <ProjectGuid>{7936c7af-1570-4796-aed1-693403e00aac}</ProjectGuid>
        <MainSource>Pro_Norm.dpr</MainSource>
        <Configuration Condition=" '$(Configuration)' == '' ">Release</Configuration>
        <DCC_DCCCompiler>DCC32</DCC_DCCCompiler>
        <DCC_DependencyCheckOutputName>Pro_Norm.exe</DCC_DependencyCheckOutputName>
        <Base>True</Base>
        <Config Condition="'$(Config)'==''">Release</Config>
        <TargetedPlatforms>1</TargetedPlatforms>
        <AppType>Application</AppType>
        <FrameworkType>VCL</FrameworkType>
        <ProjectVersion>16.1</ProjectVersion>
        <Platform Condition="'$(Platform)'==''">Win32</Platform>
    </PropertyGroup>
    <PropertyGroup Condition="'$(Config)'=='Base' or '$(Base)'!=''">
        <Base>true</Base>
    </PropertyGroup>
    <PropertyGroup Condition="('$(Platform)'=='Win32' and '$(Base)'=='true') or '$(Base_Win32)'!=''">
        <Base_Win32>true</Base_Win32>
        <CfgParent>Base</CfgParent>
        <Base>true</Base>
    </PropertyGroup>
    <PropertyGroup Condition="('$(Platform)'=='Win64' and '$(Base)'=='true') or '$(Base_Win64)'!=''">
        <Base_Win64>true</Base_Win64>
        <CfgParent>Base</CfgParent>
        <Base>true</Base>
    </PropertyGroup>
    <PropertyGroup Condition="'$(Config)'=='Release' or '$(Cfg_1)'!=''">
        <Cfg_1>true</Cfg_1>
        <CfgParent>Base</CfgParent>
        <Base>true</Base>
    </PropertyGroup>
    <PropertyGroup Condition="('$(Platform)'=='Win32' and '$(Cfg_1)'=='true') or '$(Cfg_1_Win32)'!=''">
        <Cfg_1_Win32>true</Cfg_1_Win32>
        <CfgParent>Cfg_1</CfgParent>
        <Cfg_1>true</Cfg_1>
        <Base>true</Base>
    </PropertyGroup>
    <PropertyGroup Condition="'$(Config)'=='Debug' or '$(Cfg_2)'!=''">
        <Cfg_2>true</Cfg_2>
        <CfgParent>Base</CfgParent>
        <Base>true</Base>
    </PropertyGroup>
    <PropertyGroup Condition="('$(Platform)'=='Win32' and '$(Cfg_2)'=='true') or '$(Cfg_2_Win32)'!=''">
        <Cfg_2_Win32>true</Cfg_2_Win32>
        <CfgParent>Cfg_2</CfgParent>
        <Cfg_2>true</Cfg_2>
        <Base>true</Base>
    </PropertyGroup>
    <PropertyGroup Condition="'$(Base)'!=''">
        <SanitizedProjectName>Pro_Norm</SanitizedProjectName>
        <DCC_Namespace>Vcl;Vcl.Imaging;Vcl.Touch;Vcl.Samples;Vcl.Shell;System;Xml;Data;Datasnap;Web;Soap;IBX;Winapi;Bde;VclTee;$(DCC_Namespace)</DCC_Namespace>
        <VerInfo_Locale>1049</VerInfo_Locale>
        <VerInfo_Keys>CompanyName=;FileDescription=;FileVersion=1.0.0.0;InternalName=;LegalCopyright=;LegalTrademarks=;OriginalFilename=;ProductName=;ProductVersion=1.0.0.0;Comments=</VerInfo_Keys>
    </PropertyGroup>
    <PropertyGroup Condition="'$(Base_Win32)'!=''">
        <Icon_MainIcon>Pro_Norm_Icon4.ico</Icon_MainIcon>
        <DCC_Namespace>System.Win;Data.Win;Datasnap.Win;Web.Win;Soap.Win;Xml.Win;$(DCC_Namespace)</DCC_Namespace>
        <Manifest_File>$(BDS)\bin\default_app.manifest</Manifest_File>
        <VerInfo_Locale>1033</VerInfo_Locale>
        <VerInfo_IncludeVerInfo>true</VerInfo_IncludeVerInfo>
        <Debugger_RunParams>NORM</Debugger_RunParams>
    </PropertyGroup>
    <PropertyGroup Condition="'$(Base_Win64)'!=''">
        <Icon_MainIcon>Pro_Norm_Icon4.ico</Icon_MainIcon>
    </PropertyGroup>
    <PropertyGroup Condition="'$(Cfg_1)'!=''">
        <Version>7.0</Version>
        <DCC_MapFile>3</DCC_MapFile>
        <DCC_Define>EUREKALOG;RELEASE;EUREKALOG_VER6;$(DCC_Define)</DCC_Define>
    </PropertyGroup>
    <PropertyGroup Condition="'$(Cfg_1_Win32)'!=''">
        <VerInfo_AutoIncVersion>true</VerInfo_AutoIncVersion>
        <VerInfo_Keys>CompanyName=;FileDescription=;FileVersion=1.0.0.2;InternalName=;LegalCopyright=;LegalTrademarks=;OriginalFilename=;ProductName=;ProductVersion=1.0.0.0;Comments=</VerInfo_Keys>
        <VerInfo_Build>2</VerInfo_Build>
        <VerInfo_IncludeVerInfo>true</VerInfo_IncludeVerInfo>
        <VerInfo_Locale>1033</VerInfo_Locale>
    </PropertyGroup>
    <PropertyGroup Condition="'$(Cfg_2)'!=''">
        <Version>7.0</Version>
        <DCC_MapFile>3</DCC_MapFile>
        <DCC_Define>EUREKALOG;DEBUG;EUREKALOG_VER6;$(DCC_Define)</DCC_Define>
    </PropertyGroup>
    <PropertyGroup Condition="'$(Cfg_2_Win32)'!=''">
        <VerInfo_IncludeVerInfo>true</VerInfo_IncludeVerInfo>
        <VerInfo_Locale>1033</VerInfo_Locale>
    </PropertyGroup>
    <ProjectExtensions>
        <Borland.Personality>Delphi.Personality.12</Borland.Personality>
        <Borland.ProjectType/>
        <BorlandProject>
            <Delphi.Personality>
                <Parameters>
                    <Parameters Name="RunParams">NORM</Parameters>
                    <Parameters Name="UseLauncher">False</Parameters>
                    <Parameters Name="LoadAllSymbols">True</Parameters>
                    <Parameters Name="LoadUnspecifiedSymbols">False</Parameters>
                </Parameters>
                <VersionInfo>
                    <VersionInfo Name="IncludeVerInfo">False</VersionInfo>
                    <VersionInfo Name="AutoIncBuild">False</VersionInfo>
                    <VersionInfo Name="MajorVer">1</VersionInfo>
                    <VersionInfo Name="MinorVer">0</VersionInfo>
                    <VersionInfo Name="Release">0</VersionInfo>
                    <VersionInfo Name="Build">0</VersionInfo>
                    <VersionInfo Name="Debug">False</VersionInfo>
                    <VersionInfo Name="PreRelease">False</VersionInfo>
                    <VersionInfo Name="Special">False</VersionInfo>
                    <VersionInfo Name="Private">False</VersionInfo>
                    <VersionInfo Name="DLL">False</VersionInfo>
                    <VersionInfo Name="Locale">1049</VersionInfo>
                    <VersionInfo Name="CodePage">1251</VersionInfo>
                </VersionInfo>
                <VersionInfoKeys>
                    <VersionInfoKeys Name="CompanyName"/>
                    <VersionInfoKeys Name="FileDescription"/>
                    <VersionInfoKeys Name="FileVersion">1.0.0.0</VersionInfoKeys>
                    <VersionInfoKeys Name="InternalName"/>
                    <VersionInfoKeys Name="LegalCopyright"/>
                    <VersionInfoKeys Name="LegalTrademarks"/>
                    <VersionInfoKeys Name="OriginalFilename"/>
                    <VersionInfoKeys Name="ProductName"/>
                    <VersionInfoKeys Name="ProductVersion">1.0.0.0</VersionInfoKeys>
                    <VersionInfoKeys Name="Comments"/>
                </VersionInfoKeys>
                <Excluded_Packages>
                    <Excluded_Packages Name="$(BDSBIN)\dcloffice2k210.bpl">Microsoft Office 2000 Sample Automation Server Wrapper Components</Excluded_Packages>
                    <Excluded_Packages Name="$(BDSBIN)\dclofficexp210.bpl">Microsoft Office XP Sample Automation Server Wrapper Components</Excluded_Packages>
                    <Excluded_Packages Name="$(BDSBIN)\HelpCtxDXE7.bpl">File C:\Program Files (x86)\Embarcadero\Studio\15.0\Bin\HelpCtxDXE7.bpl not found</Excluded_Packages>
                </Excluded_Packages>
                <Source>
                    <Source Name="MainSource">Pro_Norm.dpr</Source>
                </Source>
            </Delphi.Personality>
            <Platforms>
                <Platform value="Win32">True</Platform>
                <Platform value="Win64">False</Platform>
            </Platforms>
        </BorlandProject>
        <ProjectFileVersion>12</ProjectFileVersion>
    </ProjectExtensions>
    <Import Project="$(BDS)\Bin\CodeGear.Delphi.Targets"/>
    <ItemGroup>
        <DelphiCompile Include="$(MainSource)">
            <MainSource>MainSource</MainSource>
        </DelphiCompile>
        <DCCReference Include="dm.pas">
            <Form>DM1</Form>
            <DesignClass>TDataModule</DesignClass>
        </DCCReference>
        <DCCReference Include="GlMenu_Ogt.pas">
            <Form>FGlmenu_ogt</Form>
        </DCCReference>
        <DCCReference Include="PerNorm.pas">
            <Form>FPerNorm</Form>
        </DCCReference>
        <DCCReference Include="X:\PublicForms\XE7\Decode_Matrop.pas">
            <Form>DecodeMatrop</Form>
        </DCCReference>
        <DCCReference Include="X:\PublicForms\XE7\Decode_Spprod.pas">
            <Form>DecodeSpprod</Form>
        </DCCReference>
        <DCCReference Include="X:\PublicForms\XE7\Find_Account.pas">
            <Form>FindAccount</Form>
        </DCCReference>
        <DCCReference Include="X:\PublicForms\XE7\Find_LekGroup.pas">
            <Form>FindLekGroup</Form>
        </DCCReference>
        <DCCReference Include="X:\PublicForms\XE7\Find_Matrop.pas">
            <Form>FindMatrop</Form>
        </DCCReference>
        <DCCReference Include="X:\PublicForms\XE7\Find_Spprod.pas">
            <Form>FindSpprod</Form>
        </DCCReference>
        <DCCReference Include="X:\PublicForms\XE7\Find_Sprorg.pas">
            <Form>FindSprorg</Form>
        </DCCReference>
        <DCCReference Include="X:\PublicForms\XE7\Find_Struk.pas">
            <Form>FindStruk</Form>
        </DCCReference>
        <DCCReference Include="X:\PublicForms\XE7\Vibor_Spr.pas">
            <Form>ViborSpr</Form>
        </DCCReference>
        <DCCReference Include="X:\PublicForms\XE7\Find_BS.pas">
            <Form>FindBS</Form>
        </DCCReference>
        <DCCReference Include="X:\PublicForms\XE7\Update_Sprorg.pas">
            <Form>UpdateSprorg</Form>
        </DCCReference>
        <DCCReference Include="X:\PublicForms\XE7\Vibor_Spr_Tree.pas">
            <Form>ViborSprTree</Form>
        </DCCReference>
        <DCCReference Include="X:\PublicForms\XE7\Reg_F.pas">
            <Form>RegF</Form>
        </DCCReference>
        <DCCReference Include="X:\PublicForms\XE7\Update_Spprod.pas">
            <Form>UpdateSpprod</Form>
        </DCCReference>
        <DCCReference Include="X:\PublicForms\XE7\Find_Ean.pas">
            <Form>FindEan</Form>
        </DCCReference>
        <DCCReference Include="X:\PublicForms\XE7\Update_Matrop.pas">
            <Form>UpdateMatrop</Form>
        </DCCReference>
        <DCCReference Include="X:\PublicForms\XE7\Inf_Klient.pas">
            <Form>InfKlient</Form>
        </DCCReference>
        <DCCReference Include="Splach_norm.pas">
            <Form>FSplash_norm</Form>
        </DCCReference>
        <DCCReference Include="X:\PublicForms\XE7\Razdel.pas">
            <Form>frazdel</Form>
        </DCCReference>
        <DCCReference Include="X:\PublicForms\XE7\ediz.pas">
            <Form>Find_Ediz</Form>
        </DCCReference>
        <DCCReference Include="PerNovMes.pas">
            <Form>FPerNovMes</Form>
        </DCCReference>
        <DCCReference Include="Syrie.pas">
            <Form>FSyrie</Form>
        </DCCReference>
        <DCCReference Include="Norm.pas">
            <Form>FNorm</Form>
        </DCCReference>
        <DCCReference Include="Rashif.pas">
            <Form>FRashif</Form>
        </DCCReference>
        <DCCReference Include="SyriePeriod.pas">
            <Form>FSyrie_Period</Form>
        </DCCReference>
        <DCCReference Include="Podpis.pas">
            <Form>FPodpis</Form>
        </DCCReference>
        <DCCReference Include="ViborGrPrep.pas">
            <Form>FViborGrPrep</Form>
        </DCCReference>
        <DCCReference Include="Razdel_vvod.pas">
            <Form>FRazdel_vvod</Form>
        </DCCReference>
        <DCCReference Include="Ediz_vvod.pas">
            <Form>FEdiz_vvod</Form>
        </DCCReference>
        <DCCReference Include="koefpr_vvod.pas">
            <Form>Fkoefpr_vvod</Form>
        </DCCReference>
        <DCCReference Include="BasSyr_vvod.pas">
            <Form>FBasSyr_vvod</Form>
        </DCCReference>
        <DCCReference Include="otxSpirt_vvod.pas">
            <Form>FOtxSpirt_vvod</Form>
        </DCCReference>
        <DCCReference Include="X:\PublicForms\XE7\Update_Bank.pas">
            <Form>UpdateBank</Form>
        </DCCReference>
        <DCCReference Include="X:\PublicForms\XE7\Find_Bank.pas">
            <Form>FindBank</Form>
        </DCCReference>
        <DCCReference Include="X:\PublicForms\XE7\VibEan.pas">
            <Form>FVibEan</Form>
        </DCCReference>
        <DCCReference Include="RashifCols.pas">
            <Form>FRashifCols</Form>
        </DCCReference>
        <BuildConfiguration Include="Debug">
            <Key>Cfg_2</Key>
            <CfgParent>Base</CfgParent>
        </BuildConfiguration>
        <BuildConfiguration Include="Base">
            <Key>Base</Key>
        </BuildConfiguration>
        <BuildConfiguration Include="Release">
            <Key>Cfg_1</Key>
            <CfgParent>Base</CfgParent>
        </BuildConfiguration>
    </ItemGroup>
    <Import Project="$(BDS)\Bin\CodeGear.Delphi.Targets" Condition="Exists('$(BDS)\Bin\CodeGear.Delphi.Targets')"/>
    <Import Project="$(APPDATA)\Embarcadero\$(BDSAPPDATABASEDIR)\$(PRODUCTVERSION)\UserTools.proj" Condition="Exists('$(APPDATA)\Embarcadero\$(BDSAPPDATABASEDIR)\$(PRODUCTVERSION)\UserTools.proj')"/>
</Project>
